
Microsoft Visual Studio Solution File, Format Version 12.00
# Visual Studio 15
VisualStudioVersion = 15.0.25914.0
MinimumVisualStudioVersion = 10.0.40219.1
Project("{FAE04EC0-301F-11D3-BF4B-00C04F79EFBC}") = "LocalChat", "LocalChat.csproj", "{3AE06763-A876-485D-BB44-59CB883BDC81}"
EndProject
Global
	GlobalSection(SolutionConfigurationPlatforms) = preSolution
		Debug|x86 = Debug|x86
		Release|x86 = Release|x86
	EndGlobalSection
	GlobalSection(ProjectConfigurationPlatforms) = postSolution
		{3AE06763-A876-485D-BB44-59CB883BDC81}.Debug|x86.ActiveCfg = Debug|Any CPU
		{3AE06763-A876-485D-BB44-59CB883BDC81}.Debug|x86.Build.0 = Debug|Any CPU
		{3AE06763-A876-485D-BB44-59CB883BDC81}.Release|x86.ActiveCfg = Release|Any CPU
		{3AE06763-A876-485D-BB44-59CB883BDC81}.Release|x86.Build.0 = Release|Any CPU
	EndGlobalSection
	GlobalSection(SolutionProperties) = preSolution
		HideSolutionNode = FALSE
	EndGlobalSection
EndGlobal
